
Microsoft Visual Studio Solution File, Format Version 12.00
# Visual Studio Version 17
VisualStudioVersion = 17.4.33103.184
MinimumVisualStudioVersion = 10.0.40219.1
Project("{FAE04EC0-301F-11D3-BF4B-00C04F79EFBC}") = "01. Action Print", "01. Action Print\01. Action Print.csproj", "{A18D3B26-BB92-4616-A913-02148B281E5D}"
EndProject
Project("{FAE04EC0-301F-11D3-BF4B-00C04F79EFBC}") = "02. Knights of Honor", "02. Knights of Honor\02. Knights of Honor.csproj", "{E2928AD0-29A7-4D90-93F1-F2A5FF73BC77}"
EndProject
Project("{FAE04EC0-301F-11D3-BF4B-00C04F79EFBC}") = "02. Knights 2", "02. Knights 2\02. Knights 2.csproj", "{FBA45FA1-7F7B-4093-B5E5-7CE0F838A3D9}"
EndProject
Project("{FAE04EC0-301F-11D3-BF4B-00C04F79EFBC}") = "03. Custom Min Function", "03. Custom Min Function\03. Custom Min Function.csproj", "{441A4980-E121-4078-8A27-1116E5F2451D}"
EndProject
Project("{FAE04EC0-301F-11D3-BF4B-00C04F79EFBC}") = "04. Find Evens or Odds", "04. Find Evens or Odds\04. Find Evens or Odds.csproj", "{C756B1FB-2879-4D7F-9047-FE7B3485F39E}"
EndProject
Project("{FAE04EC0-301F-11D3-BF4B-00C04F79EFBC}") = "05. Applied Arithmetics", "05. Applied Arithmetics\05. Applied Arithmetics.csproj", "{FE7124A3-A657-4082-9627-38971F2F8676}"
EndProject
Project("{FAE04EC0-301F-11D3-BF4B-00C04F79EFBC}") = "06. Reverse And Exclude", "06. Reverse And Exclude\06. Reverse And Exclude.csproj", "{249883AA-047D-446B-A865-009FF3CD37D0}"
EndProject
Project("{FAE04EC0-301F-11D3-BF4B-00C04F79EFBC}") = "07. Predicate For Names", "07. Predicate For Names\07. Predicate For Names.csproj", "{50C35C67-227C-4542-B31C-6FC63211E399}"
EndProject
Global
	GlobalSection(SolutionConfigurationPlatforms) = preSolution
		Debug|Any CPU = Debug|Any CPU
		Release|Any CPU = Release|Any CPU
	EndGlobalSection
	GlobalSection(ProjectConfigurationPlatforms) = postSolution
		{A18D3B26-BB92-4616-A913-02148B281E5D}.Debug|Any CPU.ActiveCfg = Debug|Any CPU
		{A18D3B26-BB92-4616-A913-02148B281E5D}.Debug|Any CPU.Build.0 = Debug|Any CPU
		{A18D3B26-BB92-4616-A913-02148B281E5D}.Release|Any CPU.ActiveCfg = Release|Any CPU
		{A18D3B26-BB92-4616-A913-02148B281E5D}.Release|Any CPU.Build.0 = Release|Any CPU
		{E2928AD0-29A7-4D90-93F1-F2A5FF73BC77}.Debug|Any CPU.ActiveCfg = Debug|Any CPU
		{E2928AD0-29A7-4D90-93F1-F2A5FF73BC77}.Debug|Any CPU.Build.0 = Debug|Any CPU
		{E2928AD0-29A7-4D90-93F1-F2A5FF73BC77}.Release|Any CPU.ActiveCfg = Release|Any CPU
		{E2928AD0-29A7-4D90-93F1-F2A5FF73BC77}.Release|Any CPU.Build.0 = Release|Any CPU
		{FBA45FA1-7F7B-4093-B5E5-7CE0F838A3D9}.Debug|Any CPU.ActiveCfg = Debug|Any CPU
		{FBA45FA1-7F7B-4093-B5E5-7CE0F838A3D9}.Debug|Any CPU.Build.0 = Debug|Any CPU
		{FBA45FA1-7F7B-4093-B5E5-7CE0F838A3D9}.Release|Any CPU.ActiveCfg = Release|Any CPU
		{FBA45FA1-7F7B-4093-B5E5-7CE0F838A3D9}.Release|Any CPU.Build.0 = Release|Any CPU
		{441A4980-E121-4078-8A27-1116E5F2451D}.Debug|Any CPU.ActiveCfg = Debug|Any CPU
		{441A4980-E121-4078-8A27-1116E5F2451D}.Debug|Any CPU.Build.0 = Debug|Any CPU
		{441A4980-E121-4078-8A27-1116E5F2451D}.Release|Any CPU.ActiveCfg = Release|Any CPU
		{441A4980-E121-4078-8A27-1116E5F2451D}.Release|Any CPU.Build.0 = Release|Any CPU
		{C756B1FB-2879-4D7F-9047-FE7B3485F39E}.Debug|Any CPU.ActiveCfg = Debug|Any CPU
		{C756B1FB-2879-4D7F-9047-FE7B3485F39E}.Debug|Any CPU.Build.0 = Debug|Any CPU
		{C756B1FB-2879-4D7F-9047-FE7B3485F39E}.Release|Any CPU.ActiveCfg = Release|Any CPU
		{C756B1FB-2879-4D7F-9047-FE7B3485F39E}.Release|Any CPU.Build.0 = Release|Any CPU
		{FE7124A3-A657-4082-9627-38971F2F8676}.Debug|Any CPU.ActiveCfg = Debug|Any CPU
		{FE7124A3-A657-4082-9627-38971F2F8676}.Debug|Any CPU.Build.0 = Debug|Any CPU
		{FE7124A3-A657-4082-9627-38971F2F8676}.Release|Any CPU.ActiveCfg = Release|Any CPU
		{FE7124A3-A657-4082-9627-38971F2F8676}.Release|Any CPU.Build.0 = Release|Any CPU
		{249883AA-047D-446B-A865-009FF3CD37D0}.Debug|Any CPU.ActiveCfg = Debug|Any CPU
		{249883AA-047D-446B-A865-009FF3CD37D0}.Debug|Any CPU.Build.0 = Debug|Any CPU
		{249883AA-047D-446B-A865-009FF3CD37D0}.Release|Any CPU.ActiveCfg = Release|Any CPU
		{249883AA-047D-446B-A865-009FF3CD37D0}.Release|Any CPU.Build.0 = Release|Any CPU
		{50C35C67-227C-4542-B31C-6FC63211E399}.Debug|Any CPU.ActiveCfg = Debug|Any CPU
		{50C35C67-227C-4542-B31C-6FC63211E399}.Debug|Any CPU.Build.0 = Debug|Any CPU
		{50C35C67-227C-4542-B31C-6FC63211E399}.Release|Any CPU.ActiveCfg = Release|Any CPU
		{50C35C67-227C-4542-B31C-6FC63211E399}.Release|Any CPU.Build.0 = Release|Any CPU
	EndGlobalSection
	GlobalSection(SolutionProperties) = preSolution
		HideSolutionNode = FALSE
	EndGlobalSection
	GlobalSection(ExtensibilityGlobals) = postSolution
		SolutionGuid = {36D023F9-F893-4886-971E-134F72EF9E58}
	EndGlobalSection
EndGlobal
