
Microsoft Visual Studio Solution File, Format Version 12.00
# Visual Studio Version 17
VisualStudioVersion = 17.2.32630.192
MinimumVisualStudioVersion = 10.0.40219.1
Project("{FAE04EC0-301F-11D3-BF4B-00C04F79EFBC}") = "04. Back In 30 Minutes 2", "04. Back In 30 Minutes 2\04. Back In 30 Minutes 2.csproj", "{AEE13953-8449-4A89-A214-A02A3BE93F00}"
EndProject
Project("{FAE04EC0-301F-11D3-BF4B-00C04F79EFBC}") = "05. Month Printer", "05. Month Printer\05. Month Printer.csproj", "{1E32666D-93B4-476D-8A31-97ABD545D3B9}"
EndProject
Project("{FAE04EC0-301F-11D3-BF4B-00C04F79EFBC}") = "06. Foreign Languages", "06. Foreign Languages\06. Foreign Languages.csproj", "{9087EB8F-EAD7-45ED-A74F-15A2CF82ED1A}"
EndProject
Project("{FAE04EC0-301F-11D3-BF4B-00C04F79EFBC}") = "07. Theatre Promotion", "07. Theatre Promotion\07. Theatre Promotion.csproj", "{7D302DB6-F054-4DFD-AFD9-7556117572D1}"
EndProject
Global
	GlobalSection(SolutionConfigurationPlatforms) = preSolution
		Debug|Any CPU = Debug|Any CPU
		Release|Any CPU = Release|Any CPU
	EndGlobalSection
	GlobalSection(ProjectConfigurationPlatforms) = postSolution
		{AEE13953-8449-4A89-A214-A02A3BE93F00}.Debug|Any CPU.ActiveCfg = Debug|Any CPU
		{AEE13953-8449-4A89-A214-A02A3BE93F00}.Debug|Any CPU.Build.0 = Debug|Any CPU
		{AEE13953-8449-4A89-A214-A02A3BE93F00}.Release|Any CPU.ActiveCfg = Release|Any CPU
		{AEE13953-8449-4A89-A214-A02A3BE93F00}.Release|Any CPU.Build.0 = Release|Any CPU
		{1E32666D-93B4-476D-8A31-97ABD545D3B9}.Debug|Any CPU.ActiveCfg = Debug|Any CPU
		{1E32666D-93B4-476D-8A31-97ABD545D3B9}.Debug|Any CPU.Build.0 = Debug|Any CPU
		{1E32666D-93B4-476D-8A31-97ABD545D3B9}.Release|Any CPU.ActiveCfg = Release|Any CPU
		{1E32666D-93B4-476D-8A31-97ABD545D3B9}.Release|Any CPU.Build.0 = Release|Any CPU
		{9087EB8F-EAD7-45ED-A74F-15A2CF82ED1A}.Debug|Any CPU.ActiveCfg = Debug|Any CPU
		{9087EB8F-EAD7-45ED-A74F-15A2CF82ED1A}.Debug|Any CPU.Build.0 = Debug|Any CPU
		{9087EB8F-EAD7-45ED-A74F-15A2CF82ED1A}.Release|Any CPU.ActiveCfg = Release|Any CPU
		{9087EB8F-EAD7-45ED-A74F-15A2CF82ED1A}.Release|Any CPU.Build.0 = Release|Any CPU
		{7D302DB6-F054-4DFD-AFD9-7556117572D1}.Debug|Any CPU.ActiveCfg = Debug|Any CPU
		{7D302DB6-F054-4DFD-AFD9-7556117572D1}.Debug|Any CPU.Build.0 = Debug|Any CPU
		{7D302DB6-F054-4DFD-AFD9-7556117572D1}.Release|Any CPU.ActiveCfg = Release|Any CPU
		{7D302DB6-F054-4DFD-AFD9-7556117572D1}.Release|Any CPU.Build.0 = Release|Any CPU
	EndGlobalSection
	GlobalSection(SolutionProperties) = preSolution
		HideSolutionNode = FALSE
	EndGlobalSection
	GlobalSection(ExtensibilityGlobals) = postSolution
		SolutionGuid = {FF2A0F99-39AE-4338-8D62-3A2F6CA5E3B5}
	EndGlobalSection
EndGlobal
