
Microsoft Visual Studio Solution File, Format Version 12.00
# Visual Studio Version 17
VisualStudioVersion = 17.4.33103.184
MinimumVisualStudioVersion = 10.0.40219.1
Project("{FAE04EC0-301F-11D3-BF4B-00C04F79EFBC}") = "Farm", "Farm\Farm.csproj", "{161D2429-466C-406A-BDEE-845C65C8D45D}"
EndProject
Project("{FAE04EC0-301F-11D3-BF4B-00C04F79EFBC}") = "CustomRandomList", "CustomRandomList\CustomRandomList.csproj", "{254769A3-925A-437A-80B7-9FF0A6C37EE8}"
EndProject
Project("{FAE04EC0-301F-11D3-BF4B-00C04F79EFBC}") = "CustomStack", "CustomStack\CustomStack.csproj", "{5EE4E7EE-F19D-4052-943D-EE0F41058B93}"
EndProject
Global
	GlobalSection(SolutionConfigurationPlatforms) = preSolution
		Debug|Any CPU = Debug|Any CPU
		Release|Any CPU = Release|Any CPU
	EndGlobalSection
	GlobalSection(ProjectConfigurationPlatforms) = postSolution
		{161D2429-466C-406A-BDEE-845C65C8D45D}.Debug|Any CPU.ActiveCfg = Debug|Any CPU
		{161D2429-466C-406A-BDEE-845C65C8D45D}.Debug|Any CPU.Build.0 = Debug|Any CPU
		{161D2429-466C-406A-BDEE-845C65C8D45D}.Release|Any CPU.ActiveCfg = Release|Any CPU
		{161D2429-466C-406A-BDEE-845C65C8D45D}.Release|Any CPU.Build.0 = Release|Any CPU
		{254769A3-925A-437A-80B7-9FF0A6C37EE8}.Debug|Any CPU.ActiveCfg = Debug|Any CPU
		{254769A3-925A-437A-80B7-9FF0A6C37EE8}.Debug|Any CPU.Build.0 = Debug|Any CPU
		{254769A3-925A-437A-80B7-9FF0A6C37EE8}.Release|Any CPU.ActiveCfg = Release|Any CPU
		{254769A3-925A-437A-80B7-9FF0A6C37EE8}.Release|Any CPU.Build.0 = Release|Any CPU
		{5EE4E7EE-F19D-4052-943D-EE0F41058B93}.Debug|Any CPU.ActiveCfg = Debug|Any CPU
		{5EE4E7EE-F19D-4052-943D-EE0F41058B93}.Debug|Any CPU.Build.0 = Debug|Any CPU
		{5EE4E7EE-F19D-4052-943D-EE0F41058B93}.Release|Any CPU.ActiveCfg = Release|Any CPU
		{5EE4E7EE-F19D-4052-943D-EE0F41058B93}.Release|Any CPU.Build.0 = Release|Any CPU
	EndGlobalSection
	GlobalSection(SolutionProperties) = preSolution
		HideSolutionNode = FALSE
	EndGlobalSection
	GlobalSection(ExtensibilityGlobals) = postSolution
		SolutionGuid = {60328FAA-5FAA-4E9C-AD76-7B1FF445841A}
	EndGlobalSection
EndGlobal
